
Microsoft Visual Studio Solution File, Format Version 12.00
# Visual Studio Version 17
VisualStudioVersion = 17.2.32630.192
MinimumVisualStudioVersion = 10.0.40219.1
Project("{9A19103F-16F7-4668-BE54-9A1E7A4F7556}") = "VideoTimecode", "VideoTimecode\VideoTimecode.csproj", "{62AB52C0-D9FB-4D1F-BDE0-15F9959DE0D0}"
EndProject
Project("{9A19103F-16F7-4668-BE54-9A1E7A4F7556}") = "VideoTimecode.Tests", "VideoTimecode.Tests\VideoTimecode.Tests.csproj", "{C58A7B87-4AAB-47A7-A33E-54E6EC6914A6}"
EndProject
Project("{2150E333-8FDC-42A3-9474-1A3956D46DE8}") = "SolutionItems", "SolutionItems", "{9A9472B7-1C9B-4856-81A4-C1BD4BF372D6}"
	ProjectSection(SolutionItems) = preProject
		.gitignore = .gitignore
		README.md = README.md
	EndProjectSection
EndProject
Global
	GlobalSection(SolutionConfigurationPlatforms) = preSolution
		Debug|Any CPU = Debug|Any CPU
		Release|Any CPU = Release|Any CPU
	EndGlobalSection
	GlobalSection(ProjectConfigurationPlatforms) = postSolution
		{62AB52C0-D9FB-4D1F-BDE0-15F9959DE0D0}.Debug|Any CPU.ActiveCfg = Debug|Any CPU
		{62AB52C0-D9FB-4D1F-BDE0-15F9959DE0D0}.Debug|Any CPU.Build.0 = Debug|Any CPU
		{62AB52C0-D9FB-4D1F-BDE0-15F9959DE0D0}.Release|Any CPU.ActiveCfg = Release|Any CPU
		{62AB52C0-D9FB-4D1F-BDE0-15F9959DE0D0}.Release|Any CPU.Build.0 = Release|Any CPU
		{C58A7B87-4AAB-47A7-A33E-54E6EC6914A6}.Debug|Any CPU.ActiveCfg = Debug|Any CPU
		{C58A7B87-4AAB-47A7-A33E-54E6EC6914A6}.Debug|Any CPU.Build.0 = Debug|Any CPU
		{C58A7B87-4AAB-47A7-A33E-54E6EC6914A6}.Release|Any CPU.ActiveCfg = Release|Any CPU
		{C58A7B87-4AAB-47A7-A33E-54E6EC6914A6}.Release|Any CPU.Build.0 = Release|Any CPU
	EndGlobalSection
	GlobalSection(SolutionProperties) = preSolution
		HideSolutionNode = FALSE
	EndGlobalSection
	GlobalSection(ExtensibilityGlobals) = postSolution
		SolutionGuid = {731A1936-E6C9-4FD1-8571-425205EAA3A1}
	EndGlobalSection
EndGlobal
